
Microsoft Visual Studio Solution File, Format Version 12.00
# Visual Studio Version 16
VisualStudioVersion = 16.0.30611.23
MinimumVisualStudioVersion = 10.0.40219.1
Project("{FAE04EC0-301F-11D3-BF4B-00C04F79EFBC}") = "Kovacs_Gyongyi-Elisabeta_Lab8", "Kovacs_Gyongyi-Elisabeta_Lab8.csproj", "{0BB8B82E-7F2B-4C73-8185-47BEBE39B6DF}"
EndProject
Global
	GlobalSection(SolutionConfigurationPlatforms) = preSolution
		Debug|Any CPU = Debug|Any CPU
		Release|Any CPU = Release|Any CPU
	EndGlobalSection
	GlobalSection(ProjectConfigurationPlatforms) = postSolution
		{0BB8B82E-7F2B-4C73-8185-47BEBE39B6DF}.Debug|Any CPU.ActiveCfg = Debug|Any CPU
		{0BB8B82E-7F2B-4C73-8185-47BEBE39B6DF}.Debug|Any CPU.Build.0 = Debug|Any CPU
		{0BB8B82E-7F2B-4C73-8185-47BEBE39B6DF}.Release|Any CPU.ActiveCfg = Release|Any CPU
		{0BB8B82E-7F2B-4C73-8185-47BEBE39B6DF}.Release|Any CPU.Build.0 = Release|Any CPU
	EndGlobalSection
	GlobalSection(SolutionProperties) = preSolution
		HideSolutionNode = FALSE
	EndGlobalSection
	GlobalSection(ExtensibilityGlobals) = postSolution
		SolutionGuid = {4B9993A6-F29A-4412-BD20-C8E4600E6793}
	EndGlobalSection
EndGlobal
